<?xml version="1.0" encoding="utf-8"?>
<Project ToolsVersion="4.0" xmlns="http://schemas.microsoft.com/developer/msbuild/2003">
  <ItemGroup>
    <Filter Include="win32">
      <UniqueIdentifier>{84a8ebd7-7cf0-47f6-b75e-d441df67da40}</UniqueIdentifier>
    </Filter>
    <Filter Include="resource">
      <UniqueIdentifier>{715254bc-d70b-4ec5-bf29-467dd3ace079}</UniqueIdentifier>
    </Filter>
    <Filter Include="src">
      <UniqueIdentifier>{bb6c862e-70e9-49d9-81b7-3829a6f50471}</UniqueIdentifier>
    </Filter>
    <Filter Include="src\General">
      <UniqueIdentifier>{2358967b-3815-475a-89dd-46537ad41dfd}</UniqueIdentifier>
    </Filter>
  </ItemGroup>
  <ItemGroup>
    <ClCompile Include="main.cpp">
      <Filter>win32</Filter>
    </ClCompile>
    <ClCompile Include="..\Classes\AppDelegate.cpp">
      <Filter>src</Filter>
    </ClCompile>
    <ClCompile Include="GameScene.cpp">
      <Filter>src</Filter>
    </ClCompile>
    <ClCompile Include="Function.cpp">
      <Filter>src\General</Filter>
    </ClCompile>
    <ClCompile Include="Entity.cpp">
      <Filter>src\General</Filter>
    </ClCompile>
    <ClCompile Include="Player.cpp">
      <Filter>src\General</Filter>
    </ClCompile>
    <ClCompile Include="Division.cpp">
      <Filter>src\General</Filter>
    </ClCompile>
    <ClCompile Include="Foods.cpp">
      <Filter>src\General</Filter>
    </ClCompile>
    <ClCompile Include="Prick.cpp">
      <Filter>src\General</Filter>
    </ClCompile>
    <ClCompile Include="Gamelayer.cpp">
      <Filter>src</Filter>
    </ClCompile>
    <ClCompile Include="SettingScene.cpp">
      <Filter>src</Filter>
    </ClCompile>
    <ClCompile Include="MenuScene.cpp">
      <Filter>src</Filter>
    </ClCompile>
    <ClCompile Include="CsvUtils.cpp">
      <Filter>src</Filter>
    </ClCompile>
    <ClCompile Include="GamePause.cpp">
      <Filter>src\General</Filter>
    </ClCompile>
  </ItemGroup>
  <ItemGroup>
    <ClInclude Include="main.h">
      <Filter>win32</Filter>
    </ClInclude>
    <ClInclude Include="..\Classes\AppDelegate.h">
      <Filter>src</Filter>
    </ClInclude>
    <ClInclude Include="GameScene.h">
      <Filter>src</Filter>
    </ClInclude>
    <ClInclude Include="Function.h">
      <Filter>src\General</Filter>
    </ClInclude>
    <ClInclude Include="macro.h">
      <Filter>src\General</Filter>
    </ClInclude>
    <ClInclude Include="Entity.h">
      <Filter>src\General</Filter>
    </ClInclude>
    <ClInclude Include="Player.h">
      <Filter>src\General</Filter>
    </ClInclude>
    <ClInclude Include="Division.h">
      <Filter>src\General</Filter>
    </ClInclude>
    <ClInclude Include="Foods.h">
      <Filter>src\General</Filter>
    </ClInclude>
    <ClInclude Include="Prick.h">
      <Filter>src\General</Filter>
    </ClInclude>
    <ClInclude Include="Gamelayer.h">
      <Filter>src</Filter>
    </ClInclude>
    <ClInclude Include="SettingScene.h">
      <Filter>src</Filter>
    </ClInclude>
    <ClInclude Include="MenuScene.h">
      <Filter>src</Filter>
    </ClInclude>
    <ClInclude Include="CsvUtils.h">
      <Filter>src</Filter>
    </ClInclude>
    <ClInclude Include="GamePause.h">
      <Filter>src\General</Filter>
    </ClInclude>
  </ItemGroup>
  <ItemGroup>
    <ResourceCompile Include="game.rc">
      <Filter>resource</Filter>
    </ResourceCompile>
  </ItemGroup>
</Project>